
Microsoft Visual Studio Solution File, Format Version 12.00
# Visual Studio Version 17
VisualStudioVersion = 17.8.34330.188
MinimumVisualStudioVersion = 10.0.40219.1
Project("{FAE04EC0-301F-11D3-BF4B-00C04F79EFBC}") = "Palindrome", "Palindrome\Palindrome.csproj", "{EBE761F6-02A7-473D-A117-FAD4722FD07E}"
EndProject
Global
	GlobalSection(SolutionConfigurationPlatforms) = preSolution
		Debug|Any CPU = Debug|Any CPU
		Release|Any CPU = Release|Any CPU
	EndGlobalSection
	GlobalSection(ProjectConfigurationPlatforms) = postSolution
		{EBE761F6-02A7-473D-A117-FAD4722FD07E}.Debug|Any CPU.ActiveCfg = Debug|Any CPU
		{EBE761F6-02A7-473D-A117-FAD4722FD07E}.Debug|Any CPU.Build.0 = Debug|Any CPU
		{EBE761F6-02A7-473D-A117-FAD4722FD07E}.Release|Any CPU.ActiveCfg = Release|Any CPU
		{EBE761F6-02A7-473D-A117-FAD4722FD07E}.Release|Any CPU.Build.0 = Release|Any CPU
	EndGlobalSection
	GlobalSection(SolutionProperties) = preSolution
		HideSolutionNode = FALSE
	EndGlobalSection
	GlobalSection(ExtensibilityGlobals) = postSolution
		SolutionGuid = {0D7C85CC-C854-420F-B9FB-DC130E2C2447}
	EndGlobalSection
EndGlobal
